// !$*UTF8*$!
{
	archiveVersion = 1;
	classes = {
	};
	objectVersion = 77;
	objects = {

/* Begin PBXBuildFile section */
		1D161E8A2DB417BA00B70311 /* GoogleService-Info.plist in Resources */ = {isa = PBXBuildFile; fileRef = 1D161E892DB417B400B70311 /* GoogleService-Info.plist */; };
		1D161E8D2DB4195400B70311 /* FirebaseAuth in Frameworks */ = {isa = PBXBuildFile; productRef = 1D161E8C2DB4195400B70311 /* FirebaseAuth */; };
		1D161E8F2DB4195400B70311 /* FirebaseCore in Frameworks */ = {isa = PBXBuildFile; productRef = 1D161E8E2DB4195400B70311 /* FirebaseCore */; };
		1D161E912DB4195400B70311 /* FirebaseFirestore in Frameworks */ = {isa = PBXBuildFile; productRef = 1D161E902DB4195400B70311 /* FirebaseFirestore */; };
		1D161E932DB4195400B70311 /* FirebaseStorage in Frameworks */ = {isa = PBXBuildFile; productRef = 1D161E922DB4195400B70311 /* FirebaseStorage */; };
		1DCFB83F2DC201AA00FC3B17 /* .gitignore in Resources */ = {isa = PBXBuildFile; fileRef = 1DCFB83E2DC2019F00FC3B17 /* .gitignore */; };
/* End PBXBuildFile section */

/* Begin PBXFileReference section */
		1D0448812DA4889A005B9F92 /* FridgeScanAI.app */ = {isa = PBXFileReference; explicitFileType = wrapper.application; includeInIndex = 0; path = FridgeScanAI.app; sourceTree = BUILT_PRODUCTS_DIR; };
		1D161E892DB417B400B70311 /* GoogleService-Info.plist */ = {isa = PBXFileReference; lastKnownFileType = text.plist.xml; path = "GoogleService-Info.plist"; sourceTree = "<group>"; };
		1DCFB83E2DC2019F00FC3B17 /* .gitignore */ = {isa = PBXFileReference; lastKnownFileType = text; path = .gitignore; sourceTree = "<group>"; };
/* End PBXFileReference section */

/* Begin PBXFileSystemSynchronizedBuildFileExceptionSet section */
		1D8172562DA6F32D00E8360B /* Exceptions for "FridgeScanAI" folder in "FridgeScanAI" target */ = {
			isa = PBXFileSystemSynchronizedBuildFileExceptionSet;
			membershipExceptions = (
				Info.plist,
			);
			target = 1D0448802DA4889A005B9F92 /* FridgeScanAI */;
		};
/* End PBXFileSystemSynchronizedBuildFileExceptionSet section */

/* Begin PBXFileSystemSynchronizedRootGroup section */
		1D0448832DA4889A005B9F92 /* FridgeScanAI */ = {
			isa = PBXFileSystemSynchronizedRootGroup;
			exceptions = (
				1D8172562DA6F32D00E8360B /* Exceptions for "FridgeScanAI" folder in "FridgeScanAI" target */,
			);
			path = FridgeScanAI;
			sourceTree = "<group>";
		};
/* End PBXFileSystemSynchronizedRootGroup section */

/* Begin PBXFrameworksBuildPhase section */
		1D04487E2DA4889A005B9F92 /* Frameworks */ = {
			isa = PBXFrameworksBuildPhase;
			buildActionMask = 2147483647;
			files = (
				1D161E932DB4195400B70311 /* FirebaseStorage in Frameworks */,
				1D161E912DB4195400B70311 /* FirebaseFirestore in Frameworks */,
				1D161E8F2DB4195400B70311 /* FirebaseCore in Frameworks */,
				1D161E8D2DB4195400B70311 /* FirebaseAuth in Frameworks */,
			);
			runOnlyForDeploymentPostprocessing = 0;
		};
/* End PBXFrameworksBuildPhase section */

/* Begin PBXGroup section */
		1D0448782DA48899005B9F92 = {
			isa = PBXGroup;
			children = (
				1DCFB83E2DC2019F00FC3B17 /* .gitignore */,
				1D0448832DA4889A005B9F92 /* FridgeScanAI */,
				1D0448822DA4889A005B9F92 /* Products */,
				1D161E892DB417B400B70311 /* GoogleService-Info.plist */,
			);
			sourceTree = "<group>";
		};
		1D0448822DA4889A005B9F92 /* Products */ = {
			isa = PBXGroup;
			children = (
				1D0448812DA4889A005B9F92 /* FridgeScanAI.app */,
			);
			name = Products;
			sourceTree = "<group>";
		};
/* End PBXGroup section */

/* Begin PBXNativeTarget section */
		1D0448802DA4889A005B9F92 /* FridgeScanAI */ = {
			isa = PBXNativeTarget;
			buildConfigurationList = 1D0448902DA4889B005B9F92 /* Build configuration list for PBXNativeTarget "FridgeScanAI" */;
			buildPhases = (
				1D04487D2DA4889A005B9F92 /* Sources */,
				1D04487E2DA4889A005B9F92 /* Frameworks */,
				1D04487F2DA4889A005B9F92 /* Resources */,
			);
			buildRules = (
			);
			dependencies = (
			);
			fileSystemSynchronizedGroups = (
				1D0448832DA4889A005B9F92 /* FridgeScanAI */,
			);
			name = FridgeScanAI;
			packageProductDependencies = (
				1D161E8C2DB4195400B70311 /* FirebaseAuth */,
				1D161E8E2DB4195400B70311 /* FirebaseCore */,
				1D161E902DB4195400B70311 /* FirebaseFirestore */,
				1D161E922DB4195400B70311 /* FirebaseStorage */,
			);
			productName = FridgeScanAI;
			productReference = 1D0448812DA4889A005B9F92 /* FridgeScanAI.app */;
			productType = "com.apple.product-type.application";
		};
/* End PBXNativeTarget section */

/* Begin PBXProject section */
		1D0448792DA48899005B9F92 /* Project object */ = {
			isa = PBXProject;
			attributes = {
				BuildIndependentTargetsInParallel = 1;
				LastSwiftUpdateCheck = 1620;
				LastUpgradeCheck = 1620;
				TargetAttributes = {
					1D0448802DA4889A005B9F92 = {
						CreatedOnToolsVersion = 16.2;
					};
				};
			};
			buildConfigurationList = 1D04487C2DA48899005B9F92 /* Build configuration list for PBXProject "FridgeScanAI" */;
			developmentRegion = en;
			hasScannedForEncodings = 0;
			knownRegions = (
				en,
				Base,
			);
			mainGroup = 1D0448782DA48899005B9F92;
			minimizedProjectReferenceProxies = 1;
			packageReferences = (
				1D161E8B2DB4195400B70311 /* XCRemoteSwiftPackageReference "firebase-ios-sdk" */,
			);
			preferredProjectObjectVersion = 77;
			productRefGroup = 1D0448822DA4889A005B9F92 /* Products */;
			projectDirPath = "";
			projectRoot = "";
			targets = (
				1D0448802DA4889A005B9F92 /* FridgeScanAI */,
			);
		};
/* End PBXProject section */

/* Begin PBXResourcesBuildPhase section */
		1D04487F2DA4889A005B9F92 /* Resources */ = {
			isa = PBXResourcesBuildPhase;
			buildActionMask = 2147483647;
			files = (
				1DCFB83F2DC201AA00FC3B17 /* .gitignore in Resources */,
				1D161E8A2DB417BA00B70311 /* GoogleService-Info.plist in Resources */,
			);
			runOnlyForDeploymentPostprocessing = 0;
		};
/* End PBXResourcesBuildPhase section */

/* Begin PBXSourcesBuildPhase section */
		1D04487D2DA4889A005B9F92 /* Sources */ = {
			isa = PBXSourcesBuildPhase;
			buildActionMask = 2147483647;
			files = (
			);
			runOnlyForDeploymentPostprocessing = 0;
		};
/* End PBXSourcesBuildPhase section */

/* Begin XCBuildConfiguration section */
		1D04488E2DA4889B005B9F92 /* Debug */ = {
			isa = XCBuildConfiguration;
			buildSettings = {
				ALWAYS_SEARCH_USER_PATHS = NO;
				ASSETCATALOG_COMPILER_GENERATE_SWIFT_ASSET_SYMBOL_EXTENSIONS = YES;
				CLANG_ANALYZER_NONNULL = YES;
				CLANG_ANALYZER_NUMBER_OBJECT_CONVERSION = YES_AGGRESSIVE;
				CLANG_CXX_LANGUAGE_STANDARD = "gnu++20";
				CLANG_ENABLE_MODULES = YES;
				CLANG_ENABLE_OBJC_ARC = YES;
				CLANG_ENABLE_OBJC_WEAK = YES;
				CLANG_WARN_BLOCK_CAPTURE_AUTORELEASING = YES;
				CLANG_WARN_BOOL_CONVERSION = YES;
				CLANG_WARN_COMMA = YES;
				CLANG_WARN_CONSTANT_CONVERSION = YES;
				CLANG_WARN_DEPRECATED_OBJC_IMPLEMENTATIONS = YES;
				CLANG_WARN_DIRECT_OBJC_ISA_USAGE = YES_ERROR;
				CLANG_WARN_DOCUMENTATION_COMMENTS = YES;
				CLANG_WARN_EMPTY_BODY = YES;
				CLANG_WARN_ENUM_CONVERSION = YES;
				CLANG_WARN_INFINITE_RECURSION = YES;
				CLANG_WARN_INT_CONVERSION = YES;
				CLANG_WARN_NON_LITERAL_NULL_CONVERSION = YES;
				CLANG_WARN_OBJC_IMPLICIT_RETAIN_SELF = YES;
				CLANG_WARN_OBJC_LITERAL_CONVERSION = YES;
				CLANG_WARN_OBJC_ROOT_CLASS = YES_ERROR;
				CLANG_WARN_QUOTED_INCLUDE_IN_FRAMEWORK_HEADER = YES;
				CLANG_WARN_RANGE_LOOP_ANALYSIS = YES;
				CLANG_WARN_STRICT_PROTOTYPES = YES;
				CLANG_WARN_SUSPICIOUS_MOVE = YES;
				CLANG_WARN_UNGUARDED_AVAILABILITY = YES_AGGRESSIVE;
				CLANG_WARN_UNREACHABLE_CODE = YES;
				CLANG_WARN__DUPLICATE_METHOD_MATCH = YES;
				COPY_PHASE_STRIP = NO;
				DEBUG_INFORMATION_FORMAT = dwarf;
				ENABLE_STRICT_OBJC_MSGSEND = YES;
				ENABLE_TESTABILITY = YES;
				ENABLE_USER_SCRIPT_SANDBOXING = YES;
				GCC_C_LANGUAGE_STANDARD = gnu17;
				GCC_DYNAMIC_NO_PIC = NO;
				GCC_NO_COMMON_BLOCKS = YES;
				GCC_OPTIMIZATION_LEVEL = 0;
				GCC_PREPROCESSOR_DEFINITIONS = (
					"DEBUG=1",
					"$(inherited)",
				);
				GCC_WARN_64_TO_32_BIT_CONVERSION = YES;
				GCC_WARN_ABOUT_RETURN_TYPE = YES_ERROR;
				GCC_WARN_UNDECLARED_SELECTOR = YES;
				GCC_WARN_UNINITIALIZED_AUTOS = YES_AGGRESSIVE;
				GCC_WARN_UNUSED_FUNCTION = YES;
				GCC_WARN_UNUSED_VARIABLE = YES;
				INFOPLIST_FILE = "$(SRCROOT)/FridgeScanAI/Info.plist";
				LOCALIZATION_PREFERS_STRING_CATALOGS = YES;
				MACOSX_DEPLOYMENT_TARGET = 14.6;
				MTL_ENABLE_DEBUG_INFO = INCLUDE_SOURCE;
				MTL_FAST_MATH = YES;
				ONLY_ACTIVE_ARCH = YES;
				SDKROOT = macosx;
				SWIFT_ACTIVE_COMPILATION_CONDITIONS = "DEBUG $(inherited)";
				SWIFT_OPTIMIZATION_LEVEL = "-Onone";
			};
			name = Debug;
		};
		1D04488F2DA4889B005B9F92 /* Release */ = {
			isa = XCBuildConfiguration;
			buildSettings = {
				ALWAYS_SEARCH_USER_PATHS = NO;
				ASSETCATALOG_COMPILER_GENERATE_SWIFT_ASSET_SYMBOL_EXTENSIONS = YES;
				CLANG_ANALYZER_NONNULL = YES;
				CLANG_ANALYZER_NUMBER_OBJECT_CONVERSION = YES_AGGRESSIVE;
				CLANG_CXX_LANGUAGE_STANDARD = "gnu++20";
				CLANG_ENABLE_MODULES = YES;
				CLANG_ENABLE_OBJC_ARC = YES;
				CLANG_ENABLE_OBJC_WEAK = YES;
				CLANG_WARN_BLOCK_CAPTURE_AUTORELEASING = YES;
				CLANG_WARN_BOOL_CONVERSION = YES;
				CLANG_WARN_COMMA = YES;
				CLANG_WARN_CONSTANT_CONVERSION = YES;
				CLANG_WARN_DEPRECATED_OBJC_IMPLEMENTATIONS = YES;
				CLANG_WARN_DIRECT_OBJC_ISA_USAGE = YES_ERROR;
				CLANG_WARN_DOCUMENTATION_COMMENTS = YES;
				CLANG_WARN_EMPTY_BODY = YES;
				CLANG_WARN_ENUM_CONVERSION = YES;
				CLANG_WARN_INFINITE_RECURSION = YES;
				CLANG_WARN_INT_CONVERSION = YES;
				CLANG_WARN_NON_LITERAL_NULL_CONVERSION = YES;
				CLANG_WARN_OBJC_IMPLICIT_RETAIN_SELF = YES;
				CLANG_WARN_OBJC_LITERAL_CONVERSION = YES;
				CLANG_WARN_OBJC_ROOT_CLASS = YES_ERROR;
				CLANG_WARN_QUOTED_INCLUDE_IN_FRAMEWORK_HEADER = YES;
				CLANG_WARN_RANGE_LOOP_ANALYSIS = YES;
				CLANG_WARN_STRICT_PROTOTYPES = YES;
				CLANG_WARN_SUSPICIOUS_MOVE = YES;
				CLANG_WARN_UNGUARDED_AVAILABILITY = YES_AGGRESSIVE;
				CLANG_WARN_UNREACHABLE_CODE = YES;
				CLANG_WARN__DUPLICATE_METHOD_MATCH = YES;
				COPY_PHASE_STRIP = NO;
				DEBUG_INFORMATION_FORMAT = "dwarf-with-dsym";
				ENABLE_NS_ASSERTIONS = NO;
				ENABLE_STRICT_OBJC_MSGSEND = YES;
				ENABLE_USER_SCRIPT_SANDBOXING = YES;
				GCC_C_LANGUAGE_STANDARD = gnu17;
				GCC_NO_COMMON_BLOCKS = YES;
				GCC_WARN_64_TO_32_BIT_CONVERSION = YES;
				GCC_WARN_ABOUT_RETURN_TYPE = YES_ERROR;
				GCC_WARN_UNDECLARED_SELECTOR = YES;
				GCC_WARN_UNINITIALIZED_AUTOS = YES_AGGRESSIVE;
				GCC_WARN_UNUSED_FUNCTION = YES;
				GCC_WARN_UNUSED_VARIABLE = YES;
				INFOPLIST_FILE = "$(SRCROOT)/FridgeScanAI/Info.plist";
				LOCALIZATION_PREFERS_STRING_CATALOGS = YES;
				MACOSX_DEPLOYMENT_TARGET = 14.6;
				MTL_ENABLE_DEBUG_INFO = NO;
				MTL_FAST_MATH = YES;
				SDKROOT = macosx;
				SWIFT_COMPILATION_MODE = wholemodule;
			};
			name = Release;
		};
		1D0448912DA4889B005B9F92 /* Debug */ = {
			isa = XCBuildConfiguration;
			buildSettings = {
				ASSETCATALOG_COMPILER_APPICON_NAME = AppIcon;
				ASSETCATALOG_COMPILER_GLOBAL_ACCENT_COLOR_NAME = AccentColor;
				CODE_SIGN_ENTITLEMENTS = FridgeScanAI/FridgeScanAI.entitlements;
				CODE_SIGN_STYLE = Automatic;
				COMBINE_HIDPI_IMAGES = YES;
				CURRENT_PROJECT_VERSION = 1;
				DEVELOPMENT_ASSET_PATHS = "\"FridgeScanAI/Preview Content\"";
				DEVELOPMENT_TEAM = LHW4763J45;
				ENABLE_HARDENED_RUNTIME = YES;
				ENABLE_PREVIEWS = YES;
				GENERATE_INFOPLIST_FILE = NO;
				INFOPLIST_FILE = "$(SRCROOT)/FridgeScanAI/Info.plist";
				INFOPLIST_KEY_NSHumanReadableCopyright = "";
				IPHONEOS_DEPLOYMENT_TARGET = 17.0;
				LD_RUNPATH_SEARCH_PATHS = (
					"$(inherited)",
					"@executable_path/../Frameworks",
				);
				LIBRARY_SEARCH_PATHS = (
					"$(inherited)",
					"$(PROJECT_DIR)/FridgeScanAI/TFODCourse/tfod/Lib/site-packages/scipy/special",
					"$(PROJECT_DIR)/FridgeScanAI/TFODCourse/tfod/Lib/site-packages/scipy/signal",
					"$(PROJECT_DIR)/FridgeScanAI/TFODCourse/tfod/Lib/site-packages/scipy/optimize/_highs",
					"$(PROJECT_DIR)/FridgeScanAI/TFODCourse/tfod/Lib/site-packages/scipy/stats",
					"$(PROJECT_DIR)/FridgeScanAI/TFODCourse/tfod/Lib/site-packages/scipy/stats/_unuran",
					"$(PROJECT_DIR)/FridgeScanAI/TFODCourse/tfod/Lib/site-packages/scipy/cluster",
					"$(PROJECT_DIR)/FridgeScanAI/TFODCourse/tfod/Lib/site-packages/scipy/integrate",
					"$(PROJECT_DIR)/FridgeScanAI/TFODCourse/tfod/Lib/site-packages/scipy/sparse/csgraph",
					"$(PROJECT_DIR)/FridgeScanAI/TFODCourse/tfod/Lib/site-packages/scipy/_lib",
					"$(PROJECT_DIR)/FridgeScanAI/TFODCourse/tfod/Lib/site-packages/numpy/random/lib",
					"$(PROJECT_DIR)/FridgeScanAI/TFODCourse/tfod/Lib/site-packages/scipy/stats/_boost",
					"$(PROJECT_DIR)/FridgeScanAI/TFODCourse/tfod/Lib/site-packages/scipy/optimize",
					"$(PROJECT_DIR)/FridgeScanAI/TFODCourse/tfod/Lib/site-packages/scipy/optimize/cython_optimize",
					"$(PROJECT_DIR)/FridgeScanAI/TFODCourse/tfod/Lib/site-packages/scipy/stats/_rcont",
					"$(PROJECT_DIR)/FridgeScanAI/TFODCourse/tfod/Lib/site-packages/scipy/linalg",
					"$(PROJECT_DIR)/FridgeScanAI/TFODCourse/tfod/Lib/site-packages/scipy/_lib/_uarray",
					"$(PROJECT_DIR)/FridgeScanAI/TFODCourse/tfod/Lib/site-packages/scipy/sparse/linalg/_isolve",
					"$(PROJECT_DIR)/FridgeScanAI/TFODCourse/tfod/Lib/site-packages/pyarrow-16.1.0-py3.8-win-amd64.egg/pyarrow",
					"$(PROJECT_DIR)/FridgeScanAI/TFODCourse/tfod/Lib/site-packages/scipy/io/matlab",
					"$(PROJECT_DIR)/FridgeScanAI/TFODCourse/tfod/Lib/site-packages/scipy/optimize/_trlib",
					"$(PROJECT_DIR)/FridgeScanAI/TFODCourse/tfod/Lib/site-packages/scipy/spatial",
					"$(PROJECT_DIR)/FridgeScanAI/TFODCourse/tfod/Lib/site-packages/scipy/sparse/linalg/_propack",
					"$(PROJECT_DIR)/FridgeScanAI/TFODCourse/tfod/Lib/site-packages/scipy/interpolate",
					"$(PROJECT_DIR)/FridgeScanAI/TFODCourse/tfod/Lib/site-packages/scipy/ndimage",
					"$(PROJECT_DIR)/FridgeScanAI/TFODCourse/tfod/Lib/site-packages/scipy/stats/_levy_stable",
					"$(PROJECT_DIR)/FridgeScanAI/TFODCourse/tfod/Lib/site-packages/numpy/core/lib",
					"$(PROJECT_DIR)/FridgeScanAI/TFODCourse/tfod/Lib/site-packages/scipy/io",
					"$(PROJECT_DIR)/FridgeScanAI/TFODCourse/tfod/Lib/site-packages/scipy/odr",
					"$(PROJECT_DIR)/FridgeScanAI/TFODCourse/tfod/Lib/site-packages/scipy/fft/_pocketfft",
					"$(PROJECT_DIR)/FridgeScanAI/TFODCourse/tfod/Lib/site-packages/win32/libs",
					"$(PROJECT_DIR)/FridgeScanAI/TFODCourse/tfod/Lib/site-packages/scipy/sparse",
					"$(PROJECT_DIR)/FridgeScanAI/TFODCourse/tfod/Lib/site-packages/win32com/libs",
					"$(PROJECT_DIR)/FridgeScanAI/TFODCourse/tfod/Lib/site-packages/scipy/sparse/linalg/_dsolve",
					"$(PROJECT_DIR)/FridgeScanAI/TFODCourse/tfod/Lib/site-packages/scipy/optimize/_lsq",
					"$(PROJECT_DIR)/FridgeScanAI/TFODCourse/tfod/Lib/site-packages/scipy/sparse/linalg/_eigen/arpack",
					"$(PROJECT_DIR)/FridgeScanAI/TFODCourse/tfod/Lib/site-packages/scipy/spatial/transform",
					"$(PROJECT_DIR)/FridgeScanAI/TFODCourse/tfod/Lib/site-packages/tensorflow/python",
					"$(PROJECT_DIR)/FridgeScanAI/TFODCourse/tfod/Lib/site-packages/scipy/fftpack",
				);
				MACOSX_DEPLOYMENT_TARGET = 15.0;
				MARKETING_VERSION = 1.0;
				PRODUCT_BUNDLE_IDENTIFIER = capstone.FridgeScanAI.final;
				PRODUCT_NAME = "$(TARGET_NAME)";
				SUPPORTED_PLATFORMS = "iphoneos iphonesimulator";
				SUPPORTS_MACCATALYST = NO;
				SWIFT_EMIT_LOC_STRINGS = YES;
				SWIFT_VERSION = 5.0;
				TARGETED_DEVICE_FAMILY = 1;
			};
			name = Debug;
		};
		1D0448922DA4889B005B9F92 /* Release */ = {
			isa = XCBuildConfiguration;
			buildSettings = {
				ASSETCATALOG_COMPILER_APPICON_NAME = AppIcon;
				ASSETCATALOG_COMPILER_GLOBAL_ACCENT_COLOR_NAME = AccentColor;
				CODE_SIGN_ENTITLEMENTS = FridgeScanAI/FridgeScanAI.entitlements;
				CODE_SIGN_STYLE = Automatic;
				COMBINE_HIDPI_IMAGES = YES;
				CURRENT_PROJECT_VERSION = 1;
				DEVELOPMENT_ASSET_PATHS = "\"FridgeScanAI/Preview Content\"";
				DEVELOPMENT_TEAM = LHW4763J45;
				ENABLE_HARDENED_RUNTIME = YES;
				ENABLE_PREVIEWS = YES;
				GENERATE_INFOPLIST_FILE = NO;
				INFOPLIST_FILE = "$(SRCROOT)/FridgeScanAI/Info.plist";
				INFOPLIST_KEY_NSHumanReadableCopyright = "";
				IPHONEOS_DEPLOYMENT_TARGET = 17.0;
				LD_RUNPATH_SEARCH_PATHS = (
					"$(inherited)",
					"@executable_path/../Frameworks",
				);
				LIBRARY_SEARCH_PATHS = (
					"$(inherited)",
					"$(PROJECT_DIR)/FridgeScanAI/TFODCourse/tfod/Lib/site-packages/scipy/special",
					"$(PROJECT_DIR)/FridgeScanAI/TFODCourse/tfod/Lib/site-packages/scipy/signal",
					"$(PROJECT_DIR)/FridgeScanAI/TFODCourse/tfod/Lib/site-packages/scipy/optimize/_highs",
					"$(PROJECT_DIR)/FridgeScanAI/TFODCourse/tfod/Lib/site-packages/scipy/stats",
					"$(PROJECT_DIR)/FridgeScanAI/TFODCourse/tfod/Lib/site-packages/scipy/stats/_unuran",
					"$(PROJECT_DIR)/FridgeScanAI/TFODCourse/tfod/Lib/site-packages/scipy/cluster",
					"$(PROJECT_DIR)/FridgeScanAI/TFODCourse/tfod/Lib/site-packages/scipy/integrate",
					"$(PROJECT_DIR)/FridgeScanAI/TFODCourse/tfod/Lib/site-packages/scipy/sparse/csgraph",
					"$(PROJECT_DIR)/FridgeScanAI/TFODCourse/tfod/Lib/site-packages/scipy/_lib",
					"$(PROJECT_DIR)/FridgeScanAI/TFODCourse/tfod/Lib/site-packages/numpy/random/lib",
					"$(PROJECT_DIR)/FridgeScanAI/TFODCourse/tfod/Lib/site-packages/scipy/stats/_boost",
					"$(PROJECT_DIR)/FridgeScanAI/TFODCourse/tfod/Lib/site-packages/scipy/optimize",
					"$(PROJECT_DIR)/FridgeScanAI/TFODCourse/tfod/Lib/site-packages/scipy/optimize/cython_optimize",
					"$(PROJECT_DIR)/FridgeScanAI/TFODCourse/tfod/Lib/site-packages/scipy/stats/_rcont",
					"$(PROJECT_DIR)/FridgeScanAI/TFODCourse/tfod/Lib/site-packages/scipy/linalg",
					"$(PROJECT_DIR)/FridgeScanAI/TFODCourse/tfod/Lib/site-packages/scipy/_lib/_uarray",
					"$(PROJECT_DIR)/FridgeScanAI/TFODCourse/tfod/Lib/site-packages/scipy/sparse/linalg/_isolve",
					"$(PROJECT_DIR)/FridgeScanAI/TFODCourse/tfod/Lib/site-packages/pyarrow-16.1.0-py3.8-win-amd64.egg/pyarrow",
					"$(PROJECT_DIR)/FridgeScanAI/TFODCourse/tfod/Lib/site-packages/scipy/io/matlab",
					"$(PROJECT_DIR)/FridgeScanAI/TFODCourse/tfod/Lib/site-packages/scipy/optimize/_trlib",
					"$(PROJECT_DIR)/FridgeScanAI/TFODCourse/tfod/Lib/site-packages/scipy/spatial",
					"$(PROJECT_DIR)/FridgeScanAI/TFODCourse/tfod/Lib/site-packages/scipy/sparse/linalg/_propack",
					"$(PROJECT_DIR)/FridgeScanAI/TFODCourse/tfod/Lib/site-packages/scipy/interpolate",
					"$(PROJECT_DIR)/FridgeScanAI/TFODCourse/tfod/Lib/site-packages/scipy/ndimage",
					"$(PROJECT_DIR)/FridgeScanAI/TFODCourse/tfod/Lib/site-packages/scipy/stats/_levy_stable",
					"$(PROJECT_DIR)/FridgeScanAI/TFODCourse/tfod/Lib/site-packages/numpy/core/lib",
					"$(PROJECT_DIR)/FridgeScanAI/TFODCourse/tfod/Lib/site-packages/scipy/io",
					"$(PROJECT_DIR)/FridgeScanAI/TFODCourse/tfod/Lib/site-packages/scipy/odr",
					"$(PROJECT_DIR)/FridgeScanAI/TFODCourse/tfod/Lib/site-packages/scipy/fft/_pocketfft",
					"$(PROJECT_DIR)/FridgeScanAI/TFODCourse/tfod/Lib/site-packages/win32/libs",
					"$(PROJECT_DIR)/FridgeScanAI/TFODCourse/tfod/Lib/site-packages/scipy/sparse",
					"$(PROJECT_DIR)/FridgeScanAI/TFODCourse/tfod/Lib/site-packages/win32com/libs",
					"$(PROJECT_DIR)/FridgeScanAI/TFODCourse/tfod/Lib/site-packages/scipy/sparse/linalg/_dsolve",
					"$(PROJECT_DIR)/FridgeScanAI/TFODCourse/tfod/Lib/site-packages/scipy/optimize/_lsq",
					"$(PROJECT_DIR)/FridgeScanAI/TFODCourse/tfod/Lib/site-packages/scipy/sparse/linalg/_eigen/arpack",
					"$(PROJECT_DIR)/FridgeScanAI/TFODCourse/tfod/Lib/site-packages/scipy/spatial/transform",
					"$(PROJECT_DIR)/FridgeScanAI/TFODCourse/tfod/Lib/site-packages/tensorflow/python",
					"$(PROJECT_DIR)/FridgeScanAI/TFODCourse/tfod/Lib/site-packages/scipy/fftpack",
				);
				MACOSX_DEPLOYMENT_TARGET = 15.0;
				MARKETING_VERSION = 1.0;
				PRODUCT_BUNDLE_IDENTIFIER = capstone.FridgeScanAI.final;
				PRODUCT_NAME = "$(TARGET_NAME)";
				SUPPORTED_PLATFORMS = "iphoneos iphonesimulator";
				SUPPORTS_MACCATALYST = NO;
				SWIFT_EMIT_LOC_STRINGS = YES;
				SWIFT_VERSION = 5.0;
				TARGETED_DEVICE_FAMILY = 1;
			};
			name = Release;
		};
/* End XCBuildConfiguration section */

/* Begin XCConfigurationList section */
		1D04487C2DA48899005B9F92 /* Build configuration list for PBXProject "FridgeScanAI" */ = {
			isa = XCConfigurationList;
			buildConfigurations = (
				1D04488E2DA4889B005B9F92 /* Debug */,
				1D04488F2DA4889B005B9F92 /* Release */,
			);
			defaultConfigurationIsVisible = 0;
			defaultConfigurationName = Release;
		};
		1D0448902DA4889B005B9F92 /* Build configuration list for PBXNativeTarget "FridgeScanAI" */ = {
			isa = XCConfigurationList;
			buildConfigurations = (
				1D0448912DA4889B005B9F92 /* Debug */,
				1D0448922DA4889B005B9F92 /* Release */,
			);
			defaultConfigurationIsVisible = 0;
			defaultConfigurationName = Release;
		};
/* End XCConfigurationList section */

/* Begin XCRemoteSwiftPackageReference section */
		1D161E8B2DB4195400B70311 /* XCRemoteSwiftPackageReference "firebase-ios-sdk" */ = {
			isa = XCRemoteSwiftPackageReference;
			repositoryURL = "https://github.com/firebase/firebase-ios-sdk";
			requirement = {
				kind = upToNextMajorVersion;
				minimumVersion = 11.11.0;
			};
		};
/* End XCRemoteSwiftPackageReference section */

/* Begin XCSwiftPackageProductDependency section */
		1D161E8C2DB4195400B70311 /* FirebaseAuth */ = {
			isa = XCSwiftPackageProductDependency;
			package = 1D161E8B2DB4195400B70311 /* XCRemoteSwiftPackageReference "firebase-ios-sdk" */;
			productName = FirebaseAuth;
		};
		1D161E8E2DB4195400B70311 /* FirebaseCore */ = {
			isa = XCSwiftPackageProductDependency;
			package = 1D161E8B2DB4195400B70311 /* XCRemoteSwiftPackageReference "firebase-ios-sdk" */;
			productName = FirebaseCore;
		};
		1D161E902DB4195400B70311 /* FirebaseFirestore */ = {
			isa = XCSwiftPackageProductDependency;
			package = 1D161E8B2DB4195400B70311 /* XCRemoteSwiftPackageReference "firebase-ios-sdk" */;
			productName = FirebaseFirestore;
		};
		1D161E922DB4195400B70311 /* FirebaseStorage */ = {
			isa = XCSwiftPackageProductDependency;
			package = 1D161E8B2DB4195400B70311 /* XCRemoteSwiftPackageReference "firebase-ios-sdk" */;
			productName = FirebaseStorage;
		};
/* End XCSwiftPackageProductDependency section */
	};
	rootObject = 1D0448792DA48899005B9F92 /* Project object */;
}
